// !$*UTF8*$!
{
	archiveVersion = 1;
	classes = {
	};
	objectVersion = 48;
	objects = {

/* Begin PBXBuildFile section */
		381CA4911FD9D49900CBBFC4 /* 7SegmentDisplay.swift in Sources */ = {isa = PBXBuildFile; fileRef = 381CA4901FD9D49900CBBFC4 /* 7SegmentDisplay.swift */; };
		38AD4BDF1FC5DC6B0009B350 /* AppDelegate.swift in Sources */ = {isa = PBXBuildFile; fileRef = 38AD4BDE1FC5DC6B0009B350 /* AppDelegate.swift */; };
		38AD4BE41FC5DC6B0009B350 /* Main.storyboard in Resources */ = {isa = PBXBuildFile; fileRef = 38AD4BE21FC5DC6B0009B350 /* Main.storyboard */; };
		38AD4BE71FC5DC6B0009B350 /* MapleCandy.xcdatamodeld in Sources */ = {isa = PBXBuildFile; fileRef = 38AD4BE51FC5DC6B0009B350 /* MapleCandy.xcdatamodeld */; };
		38AD4BE91FC5DC6B0009B350 /* Assets.xcassets in Resources */ = {isa = PBXBuildFile; fileRef = 38AD4BE81FC5DC6B0009B350 /* Assets.xcassets */; };
		38AD4BEC1FC5DC6B0009B350 /* LaunchScreen.storyboard in Resources */ = {isa = PBXBuildFile; fileRef = 38AD4BEA1FC5DC6B0009B350 /* LaunchScreen.storyboard */; };
		38AD4BF51FC5DF700009B350 /* MotionViewController.swift in Sources */ = {isa = PBXBuildFile; fileRef = 38AD4BF41FC5DF700009B350 /* MotionViewController.swift */; };
		38AD4C0D1FCC9ABA0009B350 /* DeviceSelectorViewController.swift in Sources */ = {isa = PBXBuildFile; fileRef = 38AD4C0C1FCC9ABA0009B350 /* DeviceSelectorViewController.swift */; };
		38AD4C161FD047250009B350 /* GaugeView.swift in Sources */ = {isa = PBXBuildFile; fileRef = 38AD4C151FD047250009B350 /* GaugeView.swift */; };
		38AD4C1B1FD093690009B350 /* BLETopLevelController.swift in Sources */ = {isa = PBXBuildFile; fileRef = 38AD4C181FD093680009B350 /* BLETopLevelController.swift */; };
		38AD4C1C1FD093690009B350 /* BLECentralController.swift in Sources */ = {isa = PBXBuildFile; fileRef = 38AD4C191FD093680009B350 /* BLECentralController.swift */; };
		38AD4C1D1FD093690009B350 /* GATTClientController.swift in Sources */ = {isa = PBXBuildFile; fileRef = 38AD4C1A1FD093690009B350 /* GATTClientController.swift */; };
		38AD4C1F1FD0951F0009B350 /* MapleCandyAPI.swift in Sources */ = {isa = PBXBuildFile; fileRef = 38AD4C1E1FD0951F0009B350 /* MapleCandyAPI.swift */; };
		38AD4C211FD097530009B350 /* MapleCandy.swift in Sources */ = {isa = PBXBuildFile; fileRef = 38AD4C201FD097530009B350 /* MapleCandy.swift */; };
		38AD4C281FD09DA30009B350 /* MotionDataModel.swift in Sources */ = {isa = PBXBuildFile; fileRef = 38AD4C271FD09DA30009B350 /* MotionDataModel.swift */; };
		38AD4C2C1FD1CD4F0009B350 /* MapleCandyGATT.swift in Sources */ = {isa = PBXBuildFile; fileRef = 38AD4C2B1FD1CD4F0009B350 /* MapleCandyGATT.swift */; };
		38AD4C3C1FD6EE380009B350 /* CustomColors.swift in Sources */ = {isa = PBXBuildFile; fileRef = 38AD4C3B1FD6EE380009B350 /* CustomColors.swift */; };
		DC36394B225CFA5900E7D513 /* Future_V.JPG in Resources */ = {isa = PBXBuildFile; fileRef = DC36394A225CFA5800E7D513 /* Future_V.JPG */; };
		DC36394D225CFAA100E7D513 /* futureLogoOption1.png in Resources */ = {isa = PBXBuildFile; fileRef = DC36394C225CFAA100E7D513 /* futureLogoOption1.png */; };
		DC363951225CFB2100E7D513 /* MapleCandy_180.png in Resources */ = {isa = PBXBuildFile; fileRef = DC363950225CFB2100E7D513 /* MapleCandy_180.png */; };
		DC363953225CFB7800E7D513 /* FutureLogo2.png in Resources */ = {isa = PBXBuildFile; fileRef = DC363952225CFB7800E7D513 /* FutureLogo2.png */; };
		DC363959225CFC8E00E7D513 /* FutureFullLogo.png in Resources */ = {isa = PBXBuildFile; fileRef = DC363958225CFC8E00E7D513 /* FutureFullLogo.png */; };
		DC36395F225CFD3E00E7D513 /* Future_H_RGB_LG_Rev.png in Resources */ = {isa = PBXBuildFile; fileRef = DC36395E225CFD3E00E7D513 /* Future_H_RGB_LG_Rev.png */; };
		DC5702D422650113000BE887 /* RenesasLogoSplash.png in Resources */ = {isa = PBXBuildFile; fileRef = DC5702D322650113000BE887 /* RenesasLogoSplash.png */; };
/* End PBXBuildFile section */

/* Begin PBXFileReference section */
		381CA48E1FD9D08700CBBFC4 /* Gauge1.png */ = {isa = PBXFileReference; lastKnownFileType = image.png; name = Gauge1.png; path = STidget/Graphics/Gauge1.png; sourceTree = SOURCE_ROOT; };
		381CA4901FD9D49900CBBFC4 /* 7SegmentDisplay.swift */ = {isa = PBXFileReference; lastKnownFileType = sourcecode.swift; path = 7SegmentDisplay.swift; sourceTree = "<group>"; };
		38AD4BDB1FC5DC6B0009B350 /* MapleCandy.app */ = {isa = PBXFileReference; explicitFileType = wrapper.application; includeInIndex = 0; path = MapleCandy.app; sourceTree = BUILT_PRODUCTS_DIR; };
		38AD4BDE1FC5DC6B0009B350 /* AppDelegate.swift */ = {isa = PBXFileReference; lastKnownFileType = sourcecode.swift; path = AppDelegate.swift; sourceTree = "<group>"; };
		38AD4BE31FC5DC6B0009B350 /* Base */ = {isa = PBXFileReference; lastKnownFileType = file.storyboard; name = Base; path = Base.lproj/Main.storyboard; sourceTree = "<group>"; };
		38AD4BE61FC5DC6B0009B350 /* STidget.xcdatamodel */ = {isa = PBXFileReference; lastKnownFileType = wrapper.xcdatamodel; path = STidget.xcdatamodel; sourceTree = "<group>"; };
		38AD4BE81FC5DC6B0009B350 /* Assets.xcassets */ = {isa = PBXFileReference; lastKnownFileType = folder.assetcatalog; path = Assets.xcassets; sourceTree = "<group>"; };
		38AD4BEB1FC5DC6B0009B350 /* Base */ = {isa = PBXFileReference; lastKnownFileType = file.storyboard; name = Base; path = Base.lproj/LaunchScreen.storyboard; sourceTree = "<group>"; };
		38AD4BED1FC5DC6B0009B350 /* Info.plist */ = {isa = PBXFileReference; lastKnownFileType = text.plist.xml; path = Info.plist; sourceTree = "<group>"; };
		38AD4BF41FC5DF700009B350 /* MotionViewController.swift */ = {isa = PBXFileReference; lastKnownFileType = sourcecode.swift; path = MotionViewController.swift; sourceTree = "<group>"; };
		38AD4C0C1FCC9ABA0009B350 /* DeviceSelectorViewController.swift */ = {isa = PBXFileReference; lastKnownFileType = sourcecode.swift; path = DeviceSelectorViewController.swift; sourceTree = "<group>"; };
		38AD4C151FD047250009B350 /* GaugeView.swift */ = {isa = PBXFileReference; lastKnownFileType = sourcecode.swift; path = GaugeView.swift; sourceTree = "<group>"; };
		38AD4C181FD093680009B350 /* BLETopLevelController.swift */ = {isa = PBXFileReference; fileEncoding = 4; lastKnownFileType = sourcecode.swift; path = BLETopLevelController.swift; sourceTree = "<group>"; };
		38AD4C191FD093680009B350 /* BLECentralController.swift */ = {isa = PBXFileReference; fileEncoding = 4; lastKnownFileType = sourcecode.swift; path = BLECentralController.swift; sourceTree = "<group>"; };
		38AD4C1A1FD093690009B350 /* GATTClientController.swift */ = {isa = PBXFileReference; fileEncoding = 4; lastKnownFileType = sourcecode.swift; path = GATTClientController.swift; sourceTree = "<group>"; };
		38AD4C1E1FD0951F0009B350 /* MapleCandyAPI.swift */ = {isa = PBXFileReference; lastKnownFileType = sourcecode.swift; path = MapleCandyAPI.swift; sourceTree = "<group>"; };
		38AD4C201FD097530009B350 /* MapleCandy.swift */ = {isa = PBXFileReference; lastKnownFileType = sourcecode.swift; path = MapleCandy.swift; sourceTree = "<group>"; };
		38AD4C271FD09DA30009B350 /* MotionDataModel.swift */ = {isa = PBXFileReference; lastKnownFileType = sourcecode.swift; path = MotionDataModel.swift; sourceTree = "<group>"; };
		38AD4C2B1FD1CD4F0009B350 /* MapleCandyGATT.swift */ = {isa = PBXFileReference; lastKnownFileType = sourcecode.swift; path = MapleCandyGATT.swift; sourceTree = "<group>"; };
		38AD4C391FD5F2AE0009B350 /* futureLogoOption1.png */ = {isa = PBXFileReference; lastKnownFileType = image.png; name = futureLogoOption1.png; path = STidget/Graphics/futureLogoOption1.png; sourceTree = SOURCE_ROOT; };
		38AD4C3B1FD6EE380009B350 /* CustomColors.swift */ = {isa = PBXFileReference; lastKnownFileType = sourcecode.swift; path = CustomColors.swift; sourceTree = "<group>"; };
		38AD4C3D1FD740240009B350 /* FutureLogo2.png */ = {isa = PBXFileReference; lastKnownFileType = image.png; name = FutureLogo2.png; path = STidget/Graphics/FutureLogo2.png; sourceTree = SOURCE_ROOT; };
		38AD4C3F1FD752F60009B350 /* FutureFullLogo.png */ = {isa = PBXFileReference; lastKnownFileType = image.png; name = FutureFullLogo.png; path = STidget/Graphics/FutureFullLogo.png; sourceTree = SOURCE_ROOT; };
		38F23B82201653F4000EA82E /* Future_H_RGB_LG_Rev.png */ = {isa = PBXFileReference; lastKnownFileType = image.png; name = Future_H_RGB_LG_Rev.png; path = STidget/Graphics/Future_H_RGB_LG_Rev.png; sourceTree = SOURCE_ROOT; };
		38F23B87201A22FF000EA82E /* Future_V.JPG */ = {isa = PBXFileReference; lastKnownFileType = image.jpeg; name = Future_V.JPG; path = STidget/Graphics/Future_V.JPG; sourceTree = SOURCE_ROOT; };
		DC36394A225CFA5800E7D513 /* Future_V.JPG */ = {isa = PBXFileReference; lastKnownFileType = image.jpeg; name = Future_V.JPG; path = MapleCandy/Graphics/Future_V.JPG; sourceTree = "<group>"; };
		DC36394C225CFAA100E7D513 /* futureLogoOption1.png */ = {isa = PBXFileReference; lastKnownFileType = image.png; name = futureLogoOption1.png; path = MapleCandy/Graphics/futureLogoOption1.png; sourceTree = "<group>"; };
		DC363950225CFB2100E7D513 /* MapleCandy_180.png */ = {isa = PBXFileReference; lastKnownFileType = image.png; name = MapleCandy_180.png; path = MapleCandy/Graphics/MapleCandy_180.png; sourceTree = "<group>"; };
		DC363952225CFB7800E7D513 /* FutureLogo2.png */ = {isa = PBXFileReference; lastKnownFileType = image.png; name = FutureLogo2.png; path = MapleCandy/Graphics/FutureLogo2.png; sourceTree = "<group>"; };
		DC363958225CFC8E00E7D513 /* FutureFullLogo.png */ = {isa = PBXFileReference; lastKnownFileType = image.png; name = FutureFullLogo.png; path = MapleCandy/Graphics/FutureFullLogo.png; sourceTree = "<group>"; };
		DC36395E225CFD3E00E7D513 /* Future_H_RGB_LG_Rev.png */ = {isa = PBXFileReference; lastKnownFileType = image.png; name = Future_H_RGB_LG_Rev.png; path = MapleCandy/Graphics/Future_H_RGB_LG_Rev.png; sourceTree = "<group>"; };
		DC5702D322650113000BE887 /* RenesasLogoSplash.png */ = {isa = PBXFileReference; lastKnownFileType = image.png; name = RenesasLogoSplash.png; path = MapleCandy/Graphics/RenesasLogoSplash.png; sourceTree = "<group>"; };
		DCAF39F0224277B000BFBE9D /* MapleCandy_180.png */ = {isa = PBXFileReference; lastKnownFileType = image.png; name = MapleCandy_180.png; path = STidget/Graphics/MapleCandy_180.png; sourceTree = SOURCE_ROOT; };
		DCD9470B223A9A050026A4F6 /* MapleCandy.entitlements */ = {isa = PBXFileReference; lastKnownFileType = text.plist.entitlements; path = MapleCandy.entitlements; sourceTree = "<group>"; };
/* End PBXFileReference section */

/* Begin PBXFrameworksBuildPhase section */
		38AD4BD81FC5DC6B0009B350 /* Frameworks */ = {
			isa = PBXFrameworksBuildPhase;
			buildActionMask = 2147483647;
			files = (
			);
			runOnlyForDeploymentPostprocessing = 0;
		};
/* End PBXFrameworksBuildPhase section */

/* Begin PBXGroup section */
		38AD4BD21FC5DC6B0009B350 = {
			isa = PBXGroup;
			children = (
				DC5702D322650113000BE887 /* RenesasLogoSplash.png */,
				DC36395E225CFD3E00E7D513 /* Future_H_RGB_LG_Rev.png */,
				DC363958225CFC8E00E7D513 /* FutureFullLogo.png */,
				DC363952225CFB7800E7D513 /* FutureLogo2.png */,
				DC363950225CFB2100E7D513 /* MapleCandy_180.png */,
				DC36394C225CFAA100E7D513 /* futureLogoOption1.png */,
				DC36394A225CFA5800E7D513 /* Future_V.JPG */,
				38AD4BDD1FC5DC6B0009B350 /* MapleCandy */,
				38AD4BDC1FC5DC6B0009B350 /* Products */,
			);
			sourceTree = "<group>";
		};
		38AD4BDC1FC5DC6B0009B350 /* Products */ = {
			isa = PBXGroup;
			children = (
				38AD4BDB1FC5DC6B0009B350 /* MapleCandy.app */,
			);
			name = Products;
			sourceTree = "<group>";
		};
		38AD4BDD1FC5DC6B0009B350 /* MapleCandy */ = {
			isa = PBXGroup;
			children = (
				DCD9470B223A9A050026A4F6 /* MapleCandy.entitlements */,
				38AD4BE21FC5DC6B0009B350 /* Main.storyboard */,
				38AD4C131FD046250009B350 /* Classes */,
				38AD4C2D1FD227E30009B350 /* Misc */,
				38AD4C0B1FCC9A850009B350 /* Supporting */,
				38AD4BED1FC5DC6B0009B350 /* Info.plist */,
			);
			path = MapleCandy;
			sourceTree = "<group>";
		};
		38AD4BF31FC5DF460009B350 /* View Controllers */ = {
			isa = PBXGroup;
			children = (
				38AD4BF41FC5DF700009B350 /* MotionViewController.swift */,
				38AD4C0C1FCC9ABA0009B350 /* DeviceSelectorViewController.swift */,
				38AD4C0E1FCCADBA0009B350 /* Custom UI Classes */,
			);
			path = "View Controllers";
			sourceTree = "<group>";
		};
		38AD4C0B1FCC9A850009B350 /* Supporting */ = {
			isa = PBXGroup;
			children = (
				38F23B8620177011000EA82E /* NOT USED */,
				38AD4C301FD5E5AE0009B350 /* Images */,
				38AD4BEA1FC5DC6B0009B350 /* LaunchScreen.storyboard */,
				38AD4BE51FC5DC6B0009B350 /* MapleCandy.xcdatamodeld */,
				38AD4BE81FC5DC6B0009B350 /* Assets.xcassets */,
				38AD4BDE1FC5DC6B0009B350 /* AppDelegate.swift */,
			);
			path = Supporting;
			sourceTree = "<group>";
		};
		38AD4C0E1FCCADBA0009B350 /* Custom UI Classes */ = {
			isa = PBXGroup;
			children = (
				38AD4C151FD047250009B350 /* GaugeView.swift */,
			);
			path = "Custom UI Classes";
			sourceTree = "<group>";
		};
		38AD4C131FD046250009B350 /* Classes */ = {
			isa = PBXGroup;
			children = (
				38AD4C141FD046440009B350 /* Models */,
				38AD4BF31FC5DF460009B350 /* View Controllers */,
			);
			path = Classes;
			sourceTree = "<group>";
		};
		38AD4C141FD046440009B350 /* Models */ = {
			isa = PBXGroup;
			children = (
				38AD4C221FD0979E0009B350 /* MapleCandy */,
				38AD4C271FD09DA30009B350 /* MotionDataModel.swift */,
			);
			path = Models;
			sourceTree = "<group>";
		};
		38AD4C171FD093280009B350 /* Bluetooth */ = {
			isa = PBXGroup;
			children = (
				38AD4C181FD093680009B350 /* BLETopLevelController.swift */,
				38AD4C191FD093680009B350 /* BLECentralController.swift */,
				38AD4C1A1FD093690009B350 /* GATTClientController.swift */,
			);
			path = Bluetooth;
			sourceTree = "<group>";
		};
		38AD4C221FD0979E0009B350 /* MapleCandy */ = {
			isa = PBXGroup;
			children = (
				38AD4C201FD097530009B350 /* MapleCandy.swift */,
				38AD4C1E1FD0951F0009B350 /* MapleCandyAPI.swift */,
				38AD4C2B1FD1CD4F0009B350 /* MapleCandyGATT.swift */,
				38AD4C171FD093280009B350 /* Bluetooth */,
			);
			path = MapleCandy;
			sourceTree = "<group>";
		};
		38AD4C2D1FD227E30009B350 /* Misc */ = {
			isa = PBXGroup;
			children = (
				38AD4C3B1FD6EE380009B350 /* CustomColors.swift */,
			);
			path = Misc;
			sourceTree = "<group>";
		};
		38AD4C301FD5E5AE0009B350 /* Images */ = {
			isa = PBXGroup;
			children = (
				DCAF39F0224277B000BFBE9D /* MapleCandy_180.png */,
				38F23B87201A22FF000EA82E /* Future_V.JPG */,
				38F23B82201653F4000EA82E /* Future_H_RGB_LG_Rev.png */,
				381CA48E1FD9D08700CBBFC4 /* Gauge1.png */,
				38AD4C3F1FD752F60009B350 /* FutureFullLogo.png */,
				38AD4C3D1FD740240009B350 /* FutureLogo2.png */,
				38AD4C391FD5F2AE0009B350 /* futureLogoOption1.png */,
			);
			path = Images;
			sourceTree = "<group>";
		};
		38F23B8620177011000EA82E /* NOT USED */ = {
			isa = PBXGroup;
			children = (
				381CA4901FD9D49900CBBFC4 /* 7SegmentDisplay.swift */,
			);
			path = "NOT USED";
			sourceTree = "<group>";
		};
/* End PBXGroup section */

/* Begin PBXNativeTarget section */
		38AD4BDA1FC5DC6B0009B350 /* MapleCandy */ = {
			isa = PBXNativeTarget;
			buildConfigurationList = 38AD4BF01FC5DC6B0009B350 /* Build configuration list for PBXNativeTarget "MapleCandy" */;
			buildPhases = (
				38AD4BD71FC5DC6B0009B350 /* Sources */,
				38AD4BD81FC5DC6B0009B350 /* Frameworks */,
				38AD4BD91FC5DC6B0009B350 /* Resources */,
			);
			buildRules = (
			);
			dependencies = (
			);
			name = MapleCandy;
			productName = STidget;
			productReference = 38AD4BDB1FC5DC6B0009B350 /* MapleCandy.app */;
			productType = "com.apple.product-type.application";
		};
/* End PBXNativeTarget section */

/* Begin PBXProject section */
		38AD4BD31FC5DC6B0009B350 /* Project object */ = {
			isa = PBXProject;
			attributes = {
				LastSwiftUpdateCheck = 0910;
				LastUpgradeCheck = 1020;
				ORGANIZATIONNAME = "Future Electronics";
				TargetAttributes = {
					38AD4BDA1FC5DC6B0009B350 = {
						CreatedOnToolsVersion = 9.1;
						ProvisioningStyle = Automatic;
						SystemCapabilities = {
							com.apple.Keychain = {
								enabled = 0;
							};
						};
					};
				};
			};
			buildConfigurationList = 38AD4BD61FC5DC6B0009B350 /* Build configuration list for PBXProject "MapleCandy" */;
			compatibilityVersion = "Xcode 8.0";
			developmentRegion = en;
			hasScannedForEncodings = 0;
			knownRegions = (
				en,
				Base,
			);
			mainGroup = 38AD4BD21FC5DC6B0009B350;
			productRefGroup = 38AD4BDC1FC5DC6B0009B350 /* Products */;
			projectDirPath = "";
			projectRoot = "";
			targets = (
				38AD4BDA1FC5DC6B0009B350 /* MapleCandy */,
			);
		};
/* End PBXProject section */

/* Begin PBXResourcesBuildPhase section */
		38AD4BD91FC5DC6B0009B350 /* Resources */ = {
			isa = PBXResourcesBuildPhase;
			buildActionMask = 2147483647;
			files = (
				DC36395F225CFD3E00E7D513 /* Future_H_RGB_LG_Rev.png in Resources */,
				DC5702D422650113000BE887 /* RenesasLogoSplash.png in Resources */,
				DC363959225CFC8E00E7D513 /* FutureFullLogo.png in Resources */,
				DC363953225CFB7800E7D513 /* FutureLogo2.png in Resources */,
				DC363951225CFB2100E7D513 /* MapleCandy_180.png in Resources */,
				DC36394D225CFAA100E7D513 /* futureLogoOption1.png in Resources */,
				DC36394B225CFA5900E7D513 /* Future_V.JPG in Resources */,
				38AD4BEC1FC5DC6B0009B350 /* LaunchScreen.storyboard in Resources */,
				38AD4BE91FC5DC6B0009B350 /* Assets.xcassets in Resources */,
				38AD4BE41FC5DC6B0009B350 /* Main.storyboard in Resources */,
			);
			runOnlyForDeploymentPostprocessing = 0;
		};
/* End PBXResourcesBuildPhase section */

/* Begin PBXSourcesBuildPhase section */
		38AD4BD71FC5DC6B0009B350 /* Sources */ = {
			isa = PBXSourcesBuildPhase;
			buildActionMask = 2147483647;
			files = (
				38AD4C1C1FD093690009B350 /* BLECentralController.swift in Sources */,
				38AD4C0D1FCC9ABA0009B350 /* DeviceSelectorViewController.swift in Sources */,
				38AD4C281FD09DA30009B350 /* MotionDataModel.swift in Sources */,
				38AD4C1B1FD093690009B350 /* BLETopLevelController.swift in Sources */,
				38AD4C1D1FD093690009B350 /* GATTClientController.swift in Sources */,
				38AD4BE71FC5DC6B0009B350 /* MapleCandy.xcdatamodeld in Sources */,
				38AD4C161FD047250009B350 /* GaugeView.swift in Sources */,
				38AD4BF51FC5DF700009B350 /* MotionViewController.swift in Sources */,
				381CA4911FD9D49900CBBFC4 /* 7SegmentDisplay.swift in Sources */,
				38AD4C1F1FD0951F0009B350 /* MapleCandyAPI.swift in Sources */,
				38AD4BDF1FC5DC6B0009B350 /* AppDelegate.swift in Sources */,
				38AD4C3C1FD6EE380009B350 /* CustomColors.swift in Sources */,
				38AD4C211FD097530009B350 /* MapleCandy.swift in Sources */,
				38AD4C2C1FD1CD4F0009B350 /* MapleCandyGATT.swift in Sources */,
			);
			runOnlyForDeploymentPostprocessing = 0;
		};
/* End PBXSourcesBuildPhase section */

/* Begin PBXVariantGroup section */
		38AD4BE21FC5DC6B0009B350 /* Main.storyboard */ = {
			isa = PBXVariantGroup;
			children = (
				38AD4BE31FC5DC6B0009B350 /* Base */,
			);
			name = Main.storyboard;
			sourceTree = "<group>";
		};
		38AD4BEA1FC5DC6B0009B350 /* LaunchScreen.storyboard */ = {
			isa = PBXVariantGroup;
			children = (
				38AD4BEB1FC5DC6B0009B350 /* Base */,
			);
			name = LaunchScreen.storyboard;
			sourceTree = "<group>";
		};
/* End PBXVariantGroup section */

/* Begin XCBuildConfiguration section */
		38AD4BEE1FC5DC6B0009B350 /* Debug */ = {
			isa = XCBuildConfiguration;
			buildSettings = {
				ALWAYS_SEARCH_USER_PATHS = NO;
				CLANG_ANALYZER_NONNULL = YES;
				CLANG_ANALYZER_NUMBER_OBJECT_CONVERSION = YES_AGGRESSIVE;
				CLANG_CXX_LANGUAGE_STANDARD = "gnu++14";
				CLANG_CXX_LIBRARY = "libc++";
				CLANG_ENABLE_MODULES = YES;
				CLANG_ENABLE_OBJC_ARC = YES;
				CLANG_WARN_BLOCK_CAPTURE_AUTORELEASING = YES;
				CLANG_WARN_BOOL_CONVERSION = YES;
				CLANG_WARN_COMMA = YES;
				CLANG_WARN_CONSTANT_CONVERSION = YES;
				CLANG_WARN_DEPRECATED_OBJC_IMPLEMENTATIONS = YES;
				CLANG_WARN_DIRECT_OBJC_ISA_USAGE = YES_ERROR;
				CLANG_WARN_DOCUMENTATION_COMMENTS = YES;
				CLANG_WARN_EMPTY_BODY = YES;
				CLANG_WARN_ENUM_CONVERSION = YES;
				CLANG_WARN_INFINITE_RECURSION = YES;
				CLANG_WARN_INT_CONVERSION = YES;
				CLANG_WARN_NON_LITERAL_NULL_CONVERSION = YES;
				CLANG_WARN_OBJC_IMPLICIT_RETAIN_SELF = YES;
				CLANG_WARN_OBJC_LITERAL_CONVERSION = YES;
				CLANG_WARN_OBJC_ROOT_CLASS = YES_ERROR;
				CLANG_WARN_RANGE_LOOP_ANALYSIS = YES;
				CLANG_WARN_STRICT_PROTOTYPES = YES;
				CLANG_WARN_SUSPICIOUS_MOVE = YES;
				CLANG_WARN_UNGUARDED_AVAILABILITY = YES_AGGRESSIVE;
				CLANG_WARN_UNREACHABLE_CODE = YES;
				CLANG_WARN__DUPLICATE_METHOD_MATCH = YES;
				CODE_SIGN_IDENTITY = "iPhone Developer";
				COPY_PHASE_STRIP = NO;
				DEBUG_INFORMATION_FORMAT = dwarf;
				ENABLE_STRICT_OBJC_MSGSEND = YES;
				ENABLE_TESTABILITY = YES;
				GCC_C_LANGUAGE_STANDARD = gnu11;
				GCC_DYNAMIC_NO_PIC = NO;
				GCC_NO_COMMON_BLOCKS = YES;
				GCC_OPTIMIZATION_LEVEL = 0;
				GCC_PREPROCESSOR_DEFINITIONS = (
					"DEBUG=1",
					"$(inherited)",
				);
				GCC_WARN_64_TO_32_BIT_CONVERSION = YES;
				GCC_WARN_ABOUT_RETURN_TYPE = YES_ERROR;
				GCC_WARN_UNDECLARED_SELECTOR = YES;
				GCC_WARN_UNINITIALIZED_AUTOS = YES_AGGRESSIVE;
				GCC_WARN_UNUSED_FUNCTION = YES;
				GCC_WARN_UNUSED_VARIABLE = YES;
				"INFOPLIST_FILE[sdk=*]" = "";
				IPHONEOS_DEPLOYMENT_TARGET = 12.1;
				MTL_ENABLE_DEBUG_INFO = YES;
				ONLY_ACTIVE_ARCH = YES;
				SDKROOT = iphoneos;
				SWIFT_ACTIVE_COMPILATION_CONDITIONS = DEBUG;
				SWIFT_OPTIMIZATION_LEVEL = "-Onone";
				VALIDATE_PRODUCT = NO;
			};
			name = Debug;
		};
		38AD4BEF1FC5DC6B0009B350 /* Release */ = {
			isa = XCBuildConfiguration;
			buildSettings = {
				ALWAYS_SEARCH_USER_PATHS = NO;
				CLANG_ANALYZER_NONNULL = YES;
				CLANG_ANALYZER_NUMBER_OBJECT_CONVERSION = YES_AGGRESSIVE;
				CLANG_CXX_LANGUAGE_STANDARD = "gnu++14";
				CLANG_CXX_LIBRARY = "libc++";
				CLANG_ENABLE_MODULES = YES;
				CLANG_ENABLE_OBJC_ARC = YES;
				CLANG_WARN_BLOCK_CAPTURE_AUTORELEASING = YES;
				CLANG_WARN_BOOL_CONVERSION = YES;
				CLANG_WARN_COMMA = YES;
				CLANG_WARN_CONSTANT_CONVERSION = YES;
				CLANG_WARN_DEPRECATED_OBJC_IMPLEMENTATIONS = YES;
				CLANG_WARN_DIRECT_OBJC_ISA_USAGE = YES_ERROR;
				CLANG_WARN_DOCUMENTATION_COMMENTS = YES;
				CLANG_WARN_EMPTY_BODY = YES;
				CLANG_WARN_ENUM_CONVERSION = YES;
				CLANG_WARN_INFINITE_RECURSION = YES;
				CLANG_WARN_INT_CONVERSION = YES;
				CLANG_WARN_NON_LITERAL_NULL_CONVERSION = YES;
				CLANG_WARN_OBJC_IMPLICIT_RETAIN_SELF = YES;
				CLANG_WARN_OBJC_LITERAL_CONVERSION = YES;
				CLANG_WARN_OBJC_ROOT_CLASS = YES_ERROR;
				CLANG_WARN_RANGE_LOOP_ANALYSIS = YES;
				CLANG_WARN_STRICT_PROTOTYPES = YES;
				CLANG_WARN_SUSPICIOUS_MOVE = YES;
				CLANG_WARN_UNGUARDED_AVAILABILITY = YES_AGGRESSIVE;
				CLANG_WARN_UNREACHABLE_CODE = YES;
				CLANG_WARN__DUPLICATE_METHOD_MATCH = YES;
				CODE_SIGN_IDENTITY = "iPhone Developer";
				COPY_PHASE_STRIP = NO;
				DEBUG_INFORMATION_FORMAT = "dwarf-with-dsym";
				ENABLE_NS_ASSERTIONS = NO;
				ENABLE_STRICT_OBJC_MSGSEND = YES;
				GCC_C_LANGUAGE_STANDARD = gnu11;
				GCC_NO_COMMON_BLOCKS = YES;
				GCC_WARN_64_TO_32_BIT_CONVERSION = YES;
				GCC_WARN_ABOUT_RETURN_TYPE = YES_ERROR;
				GCC_WARN_UNDECLARED_SELECTOR = YES;
				GCC_WARN_UNINITIALIZED_AUTOS = YES_AGGRESSIVE;
				GCC_WARN_UNUSED_FUNCTION = YES;
				GCC_WARN_UNUSED_VARIABLE = YES;
				IPHONEOS_DEPLOYMENT_TARGET = 12.1;
				MTL_ENABLE_DEBUG_INFO = NO;
				ONLY_ACTIVE_ARCH = NO;
				SDKROOT = iphoneos;
				SWIFT_OPTIMIZATION_LEVEL = "-Owholemodule";
				VALIDATE_PRODUCT = YES;
			};
			name = Release;
		};
		38AD4BF11FC5DC6B0009B350 /* Debug */ = {
			isa = XCBuildConfiguration;
			buildSettings = {
				ASSETCATALOG_COMPILER_APPICON_NAME = AppIcon;
				CODE_SIGN_IDENTITY = "iPhone Developer";
				CODE_SIGN_STYLE = Automatic;
				DEVELOPMENT_TEAM = XKV5LAW53P;
				INFOPLIST_FILE = MapleCandy/Info.plist;
				IPHONEOS_DEPLOYMENT_TARGET = 11.2;
				LD_RUNPATH_SEARCH_PATHS = "$(inherited) @executable_path/Frameworks";
				PRODUCT_BUNDLE_IDENTIFIER = com.FE.MapleCandy;
				PRODUCT_NAME = "$(TARGET_NAME)";
				PROVISIONING_PROFILE_SPECIFIER = "";
				SWIFT_VERSION = 4.0;
				TARGETED_DEVICE_FAMILY = 1;
			};
			name = Debug;
		};
		38AD4BF21FC5DC6B0009B350 /* Release */ = {
			isa = XCBuildConfiguration;
			buildSettings = {
				ASSETCATALOG_COMPILER_APPICON_NAME = AppIcon;
				CODE_SIGN_IDENTITY = "iPhone Developer";
				CODE_SIGN_STYLE = Automatic;
				DEVELOPMENT_TEAM = XKV5LAW53P;
				INFOPLIST_FILE = MapleCandy/Info.plist;
				IPHONEOS_DEPLOYMENT_TARGET = 11.2;
				LD_RUNPATH_SEARCH_PATHS = "$(inherited) @executable_path/Frameworks";
				PRODUCT_BUNDLE_IDENTIFIER = com.FE.MapleCandy;
				PRODUCT_NAME = "$(TARGET_NAME)";
				PROVISIONING_PROFILE_SPECIFIER = "";
				SWIFT_VERSION = 4.0;
				TARGETED_DEVICE_FAMILY = 1;
			};
			name = Release;
		};
/* End XCBuildConfiguration section */

/* Begin XCConfigurationList section */
		38AD4BD61FC5DC6B0009B350 /* Build configuration list for PBXProject "MapleCandy" */ = {
			isa = XCConfigurationList;
			buildConfigurations = (
				38AD4BEE1FC5DC6B0009B350 /* Debug */,
				38AD4BEF1FC5DC6B0009B350 /* Release */,
			);
			defaultConfigurationIsVisible = 0;
			defaultConfigurationName = Release;
		};
		38AD4BF01FC5DC6B0009B350 /* Build configuration list for PBXNativeTarget "MapleCandy" */ = {
			isa = XCConfigurationList;
			buildConfigurations = (
				38AD4BF11FC5DC6B0009B350 /* Debug */,
				38AD4BF21FC5DC6B0009B350 /* Release */,
			);
			defaultConfigurationIsVisible = 0;
			defaultConfigurationName = Release;
		};
/* End XCConfigurationList section */

/* Begin XCVersionGroup section */
		38AD4BE51FC5DC6B0009B350 /* MapleCandy.xcdatamodeld */ = {
			isa = XCVersionGroup;
			children = (
				38AD4BE61FC5DC6B0009B350 /* STidget.xcdatamodel */,
			);
			currentVersion = 38AD4BE61FC5DC6B0009B350 /* STidget.xcdatamodel */;
			path = MapleCandy.xcdatamodeld;
			sourceTree = "<group>";
			versionGroupType = wrapper.xcdatamodel;
		};
/* End XCVersionGroup section */
	};
	rootObject = 38AD4BD31FC5DC6B0009B350 /* Project object */;
}
